// !$*UTF8*$!
{
	archiveVersion = 1;
	classes = {
	};
	objectVersion = 77;
	objects = {

/* Begin PBXBuildFile section */
		915DC0E32DFE9E1600D760F0 /* TomatoTimeApp.swift in Sources */ = {isa = PBXBuildFile; fileRef = 915DC0E22DFE9E1600D760F0 /* TomatoTimeApp.swift */; };
		915DC0E52DFE9E1600D760F0 /* ContentView.swift in Sources */ = {isa = PBXBuildFile; fileRef = 915DC0E42DFE9E1600D760F0 /* ContentView.swift */; };
		915DC0E72DFE9E1700D760F0 /* Assets.xcassets in Resources */ = {isa = PBXBuildFile; fileRef = 915DC0E62DFE9E1700D760F0 /* Assets.xcassets */; };
		915DC1112DFEA0F100D760F0 /* PomodoroTimer.swift in Sources */ = {isa = PBXBuildFile; fileRef = 915DC10F2DFEA0EE00D760F0 /* PomodoroTimer.swift */; };
		915DC1182DFEA23100D760F0 /* TimerView.swift in Sources */ = {isa = PBXBuildFile; fileRef = 915DC1172DFEA22E00D760F0 /* TimerView.swift */; };
		915DC11C2DFEA24600D760F0 /* StatsView.swift in Sources */ = {isa = PBXBuildFile; fileRef = 915DC11B2DFEA24400D760F0 /* StatsView.swift */; };
		915DC11F2DFEA25A00D760F0 /* ProgressRing.swift in Sources */ = {isa = PBXBuildFile; fileRef = 915DC11E2DFEA25900D760F0 /* ProgressRing.swift */; };
		915DC1212DFEA26100D760F0 /* ActionButton.swift in Sources */ = {isa = PBXBuildFile; fileRef = 915DC1202DFEA25D00D760F0 /* ActionButton.swift */; };
		915DC1232DFEA26A00D760F0 /* TitleHeader.swift in Sources */ = {isa = PBXBuildFile; fileRef = 915DC1222DFEA26900D760F0 /* TitleHeader.swift */; };
		915DC1252DFEA5C600D760F0 /* TodoView.swift in Sources */ = {isa = PBXBuildFile; fileRef = 915DC1242DFEA5C500D760F0 /* TodoView.swift */; };
		915DC1272DFEA76400D760F0 /* SplashView.swift in Sources */ = {isa = PBXBuildFile; fileRef = 915DC1262DFEA76200D760F0 /* SplashView.swift */; };
		915DC12A2DFEA9C500D760F0 /* README.md in Resources */ = {isa = PBXBuildFile; fileRef = 915DC1292DFEA9C000D760F0 /* README.md */; };
		915DC12D2DFEAAB100D760F0 /* LICENSE in Resources */ = {isa = PBXBuildFile; fileRef = 915DC12C2DFEAAAD00D760F0 /* LICENSE */; };
/* End PBXBuildFile section */

/* Begin PBXContainerItemProxy section */
		915DC0ED2DFE9E1700D760F0 /* PBXContainerItemProxy */ = {
			isa = PBXContainerItemProxy;
			containerPortal = 915DC0D72DFE9E1600D760F0 /* Project object */;
			proxyType = 1;
			remoteGlobalIDString = 915DC0DE2DFE9E1600D760F0;
			remoteInfo = TomatoTime;
		};
		915DC0F72DFE9E1700D760F0 /* PBXContainerItemProxy */ = {
			isa = PBXContainerItemProxy;
			containerPortal = 915DC0D72DFE9E1600D760F0 /* Project object */;
			proxyType = 1;
			remoteGlobalIDString = 915DC0DE2DFE9E1600D760F0;
			remoteInfo = TomatoTime;
		};
/* End PBXContainerItemProxy section */

/* Begin PBXFileReference section */
		915DC0DF2DFE9E1600D760F0 /* TomatoTime.app */ = {isa = PBXFileReference; explicitFileType = wrapper.application; includeInIndex = 0; path = TomatoTime.app; sourceTree = BUILT_PRODUCTS_DIR; };
		915DC0E22DFE9E1600D760F0 /* TomatoTimeApp.swift */ = {isa = PBXFileReference; lastKnownFileType = sourcecode.swift; path = TomatoTimeApp.swift; sourceTree = "<group>"; };
		915DC0E42DFE9E1600D760F0 /* ContentView.swift */ = {isa = PBXFileReference; lastKnownFileType = sourcecode.swift; path = ContentView.swift; sourceTree = "<group>"; };
		915DC0E62DFE9E1700D760F0 /* Assets.xcassets */ = {isa = PBXFileReference; lastKnownFileType = folder.assetcatalog; path = Assets.xcassets; sourceTree = "<group>"; };
		915DC0EC2DFE9E1700D760F0 /* TomatoTimeTests.xctest */ = {isa = PBXFileReference; explicitFileType = wrapper.cfbundle; includeInIndex = 0; path = TomatoTimeTests.xctest; sourceTree = BUILT_PRODUCTS_DIR; };
		915DC0F62DFE9E1700D760F0 /* TomatoTimeUITests.xctest */ = {isa = PBXFileReference; explicitFileType = wrapper.cfbundle; includeInIndex = 0; path = TomatoTimeUITests.xctest; sourceTree = BUILT_PRODUCTS_DIR; };
		915DC10F2DFEA0EE00D760F0 /* PomodoroTimer.swift */ = {isa = PBXFileReference; lastKnownFileType = sourcecode.swift; path = PomodoroTimer.swift; sourceTree = "<group>"; };
		915DC1172DFEA22E00D760F0 /* TimerView.swift */ = {isa = PBXFileReference; lastKnownFileType = sourcecode.swift; path = TimerView.swift; sourceTree = "<group>"; };
		915DC11B2DFEA24400D760F0 /* StatsView.swift */ = {isa = PBXFileReference; lastKnownFileType = sourcecode.swift; path = StatsView.swift; sourceTree = "<group>"; };
		915DC11E2DFEA25900D760F0 /* ProgressRing.swift */ = {isa = PBXFileReference; lastKnownFileType = sourcecode.swift; path = ProgressRing.swift; sourceTree = "<group>"; };
		915DC1202DFEA25D00D760F0 /* ActionButton.swift */ = {isa = PBXFileReference; lastKnownFileType = sourcecode.swift; path = ActionButton.swift; sourceTree = "<group>"; };
		915DC1222DFEA26900D760F0 /* TitleHeader.swift */ = {isa = PBXFileReference; lastKnownFileType = sourcecode.swift; path = TitleHeader.swift; sourceTree = "<group>"; };
		915DC1242DFEA5C500D760F0 /* TodoView.swift */ = {isa = PBXFileReference; lastKnownFileType = sourcecode.swift; path = TodoView.swift; sourceTree = "<group>"; };
		915DC1262DFEA76200D760F0 /* SplashView.swift */ = {isa = PBXFileReference; lastKnownFileType = sourcecode.swift; path = SplashView.swift; sourceTree = "<group>"; };
		915DC1292DFEA9C000D760F0 /* README.md */ = {isa = PBXFileReference; lastKnownFileType = net.daringfireball.markdown; path = README.md; sourceTree = "<group>"; };
		915DC12C2DFEAAAD00D760F0 /* LICENSE */ = {isa = PBXFileReference; lastKnownFileType = text; path = LICENSE; sourceTree = "<group>"; };
/* End PBXFileReference section */

/* Begin PBXFrameworksBuildPhase section */
		915DC0DC2DFE9E1600D760F0 /* Frameworks */ = {
			isa = PBXFrameworksBuildPhase;
			buildActionMask = 2147483647;
			files = (
			);
			runOnlyForDeploymentPostprocessing = 0;
		};
		915DC0E92DFE9E1700D760F0 /* Frameworks */ = {
			isa = PBXFrameworksBuildPhase;
			buildActionMask = 2147483647;
			files = (
			);
			runOnlyForDeploymentPostprocessing = 0;
		};
		915DC0F32DFE9E1700D760F0 /* Frameworks */ = {
			isa = PBXFrameworksBuildPhase;
			buildActionMask = 2147483647;
			files = (
			);
			runOnlyForDeploymentPostprocessing = 0;
		};
/* End PBXFrameworksBuildPhase section */

/* Begin PBXGroup section */
		915DC0D62DFE9E1600D760F0 = {
			isa = PBXGroup;
			children = (
				915DC12C2DFEAAAD00D760F0 /* LICENSE */,
				915DC12B2DFEAA7600D760F0 /* assets */,
				915DC1292DFEA9C000D760F0 /* README.md */,
				915DC1132DFEA1F000D760F0 /* Models */,
				915DC0E22DFE9E1600D760F0 /* TomatoTimeApp.swift */,
				915DC0E62DFE9E1700D760F0 /* Assets.xcassets */,
				915DC0E02DFE9E1600D760F0 /* Products */,
			);
			sourceTree = "<group>";
		};
		915DC0E02DFE9E1600D760F0 /* Products */ = {
			isa = PBXGroup;
			children = (
				915DC0DF2DFE9E1600D760F0 /* TomatoTime.app */,
				915DC0EC2DFE9E1700D760F0 /* TomatoTimeTests.xctest */,
				915DC0F62DFE9E1700D760F0 /* TomatoTimeUITests.xctest */,
			);
			name = Products;
			sourceTree = "<group>";
		};
		915DC1132DFEA1F000D760F0 /* Models */ = {
			isa = PBXGroup;
			children = (
				915DC10F2DFEA0EE00D760F0 /* PomodoroTimer.swift */,
				915DC1142DFEA20000D760F0 /* Views */,
			);
			path = Models;
			sourceTree = "<group>";
		};
		915DC1142DFEA20000D760F0 /* Views */ = {
			isa = PBXGroup;
			children = (
				915DC1262DFEA76200D760F0 /* SplashView.swift */,
				915DC1242DFEA5C500D760F0 /* TodoView.swift */,
				915DC11D2DFEA24D00D760F0 /* CustomComponents */,
				915DC11B2DFEA24400D760F0 /* StatsView.swift */,
				915DC1172DFEA22E00D760F0 /* TimerView.swift */,
				915DC0E42DFE9E1600D760F0 /* ContentView.swift */,
			);
			path = Views;
			sourceTree = "<group>";
		};
		915DC11D2DFEA24D00D760F0 /* CustomComponents */ = {
			isa = PBXGroup;
			children = (
				915DC1222DFEA26900D760F0 /* TitleHeader.swift */,
				915DC1202DFEA25D00D760F0 /* ActionButton.swift */,
				915DC11E2DFEA25900D760F0 /* ProgressRing.swift */,
			);
			path = CustomComponents;
			sourceTree = "<group>";
		};
		915DC12B2DFEAA7600D760F0 /* assets */ = {
			isa = PBXGroup;
			children = (
			);
			path = assets;
			sourceTree = "<group>";
		};
/* End PBXGroup section */

/* Begin PBXNativeTarget section */
		915DC0DE2DFE9E1600D760F0 /* TomatoTime */ = {
			isa = PBXNativeTarget;
			buildConfigurationList = 915DC1002DFE9E1700D760F0 /* Build configuration list for PBXNativeTarget "TomatoTime" */;
			buildPhases = (
				915DC0DB2DFE9E1600D760F0 /* Sources */,
				915DC0DC2DFE9E1600D760F0 /* Frameworks */,
				915DC0DD2DFE9E1600D760F0 /* Resources */,
			);
			buildRules = (
			);
			dependencies = (
			);
			name = TomatoTime;
			packageProductDependencies = (
			);
			productName = TomatoTime;
			productReference = 915DC0DF2DFE9E1600D760F0 /* TomatoTime.app */;
			productType = "com.apple.product-type.application";
		};
		915DC0EB2DFE9E1700D760F0 /* TomatoTimeTests */ = {
			isa = PBXNativeTarget;
			buildConfigurationList = 915DC1032DFE9E1700D760F0 /* Build configuration list for PBXNativeTarget "TomatoTimeTests" */;
			buildPhases = (
				915DC0E82DFE9E1700D760F0 /* Sources */,
				915DC0E92DFE9E1700D760F0 /* Frameworks */,
				915DC0EA2DFE9E1700D760F0 /* Resources */,
			);
			buildRules = (
			);
			dependencies = (
				915DC0EE2DFE9E1700D760F0 /* PBXTargetDependency */,
			);
			name = TomatoTimeTests;
			packageProductDependencies = (
			);
			productName = TomatoTimeTests;
			productReference = 915DC0EC2DFE9E1700D760F0 /* TomatoTimeTests.xctest */;
			productType = "com.apple.product-type.bundle.unit-test";
		};
		915DC0F52DFE9E1700D760F0 /* TomatoTimeUITests */ = {
			isa = PBXNativeTarget;
			buildConfigurationList = 915DC1062DFE9E1700D760F0 /* Build configuration list for PBXNativeTarget "TomatoTimeUITests" */;
			buildPhases = (
				915DC0F22DFE9E1700D760F0 /* Sources */,
				915DC0F32DFE9E1700D760F0 /* Frameworks */,
				915DC0F42DFE9E1700D760F0 /* Resources */,
			);
			buildRules = (
			);
			dependencies = (
				915DC0F82DFE9E1700D760F0 /* PBXTargetDependency */,
			);
			name = TomatoTimeUITests;
			packageProductDependencies = (
			);
			productName = TomatoTimeUITests;
			productReference = 915DC0F62DFE9E1700D760F0 /* TomatoTimeUITests.xctest */;
			productType = "com.apple.product-type.bundle.ui-testing";
		};
/* End PBXNativeTarget section */

/* Begin PBXProject section */
		915DC0D72DFE9E1600D760F0 /* Project object */ = {
			isa = PBXProject;
			attributes = {
				BuildIndependentTargetsInParallel = 1;
				LastSwiftUpdateCheck = 1640;
				LastUpgradeCheck = 1640;
				TargetAttributes = {
					915DC0DE2DFE9E1600D760F0 = {
						CreatedOnToolsVersion = 16.4;
					};
					915DC0EB2DFE9E1700D760F0 = {
						CreatedOnToolsVersion = 16.4;
						TestTargetID = 915DC0DE2DFE9E1600D760F0;
					};
					915DC0F52DFE9E1700D760F0 = {
						CreatedOnToolsVersion = 16.4;
						TestTargetID = 915DC0DE2DFE9E1600D760F0;
					};
				};
			};
			buildConfigurationList = 915DC0DA2DFE9E1600D760F0 /* Build configuration list for PBXProject "TomatoTime" */;
			developmentRegion = en;
			hasScannedForEncodings = 0;
			knownRegions = (
				en,
				Base,
			);
			mainGroup = 915DC0D62DFE9E1600D760F0;
			minimizedProjectReferenceProxies = 1;
			preferredProjectObjectVersion = 77;
			productRefGroup = 915DC0E02DFE9E1600D760F0 /* Products */;
			projectDirPath = "";
			projectRoot = "";
			targets = (
				915DC0DE2DFE9E1600D760F0 /* TomatoTime */,
				915DC0EB2DFE9E1700D760F0 /* TomatoTimeTests */,
				915DC0F52DFE9E1700D760F0 /* TomatoTimeUITests */,
			);
		};
/* End PBXProject section */

/* Begin PBXResourcesBuildPhase section */
		915DC0DD2DFE9E1600D760F0 /* Resources */ = {
			isa = PBXResourcesBuildPhase;
			buildActionMask = 2147483647;
			files = (
				915DC12D2DFEAAB100D760F0 /* LICENSE in Resources */,
				915DC12A2DFEA9C500D760F0 /* README.md in Resources */,
				915DC0E72DFE9E1700D760F0 /* Assets.xcassets in Resources */,
			);
			runOnlyForDeploymentPostprocessing = 0;
		};
		915DC0EA2DFE9E1700D760F0 /* Resources */ = {
			isa = PBXResourcesBuildPhase;
			buildActionMask = 2147483647;
			files = (
			);
			runOnlyForDeploymentPostprocessing = 0;
		};
		915DC0F42DFE9E1700D760F0 /* Resources */ = {
			isa = PBXResourcesBuildPhase;
			buildActionMask = 2147483647;
			files = (
			);
			runOnlyForDeploymentPostprocessing = 0;
		};
/* End PBXResourcesBuildPhase section */

/* Begin PBXSourcesBuildPhase section */
		915DC0DB2DFE9E1600D760F0 /* Sources */ = {
			isa = PBXSourcesBuildPhase;
			buildActionMask = 2147483647;
			files = (
				915DC1112DFEA0F100D760F0 /* PomodoroTimer.swift in Sources */,
				915DC11C2DFEA24600D760F0 /* StatsView.swift in Sources */,
				915DC11F2DFEA25A00D760F0 /* ProgressRing.swift in Sources */,
				915DC0E52DFE9E1600D760F0 /* ContentView.swift in Sources */,
				915DC1182DFEA23100D760F0 /* TimerView.swift in Sources */,
				915DC0E32DFE9E1600D760F0 /* TomatoTimeApp.swift in Sources */,
				915DC1252DFEA5C600D760F0 /* TodoView.swift in Sources */,
				915DC1272DFEA76400D760F0 /* SplashView.swift in Sources */,
				915DC1212DFEA26100D760F0 /* ActionButton.swift in Sources */,
				915DC1232DFEA26A00D760F0 /* TitleHeader.swift in Sources */,
			);
			runOnlyForDeploymentPostprocessing = 0;
		};
		915DC0E82DFE9E1700D760F0 /* Sources */ = {
			isa = PBXSourcesBuildPhase;
			buildActionMask = 2147483647;
			files = (
			);
			runOnlyForDeploymentPostprocessing = 0;
		};
		915DC0F22DFE9E1700D760F0 /* Sources */ = {
			isa = PBXSourcesBuildPhase;
			buildActionMask = 2147483647;
			files = (
			);
			runOnlyForDeploymentPostprocessing = 0;
		};
/* End PBXSourcesBuildPhase section */

/* Begin PBXTargetDependency section */
		915DC0EE2DFE9E1700D760F0 /* PBXTargetDependency */ = {
			isa = PBXTargetDependency;
			target = 915DC0DE2DFE9E1600D760F0 /* TomatoTime */;
			targetProxy = 915DC0ED2DFE9E1700D760F0 /* PBXContainerItemProxy */;
		};
		915DC0F82DFE9E1700D760F0 /* PBXTargetDependency */ = {
			isa = PBXTargetDependency;
			target = 915DC0DE2DFE9E1600D760F0 /* TomatoTime */;
			targetProxy = 915DC0F72DFE9E1700D760F0 /* PBXContainerItemProxy */;
		};
/* End PBXTargetDependency section */

/* Begin XCBuildConfiguration section */
		915DC0FE2DFE9E1700D760F0 /* Debug */ = {
			isa = XCBuildConfiguration;
			buildSettings = {
				ALWAYS_SEARCH_USER_PATHS = NO;
				ASSETCATALOG_COMPILER_GENERATE_SWIFT_ASSET_SYMBOL_EXTENSIONS = YES;
				CLANG_ANALYZER_NONNULL = YES;
				CLANG_ANALYZER_NUMBER_OBJECT_CONVERSION = YES_AGGRESSIVE;
				CLANG_CXX_LANGUAGE_STANDARD = "gnu++20";
				CLANG_ENABLE_MODULES = YES;
				CLANG_ENABLE_OBJC_ARC = YES;
				CLANG_ENABLE_OBJC_WEAK = YES;
				CLANG_WARN_BLOCK_CAPTURE_AUTORELEASING = YES;
				CLANG_WARN_BOOL_CONVERSION = YES;
				CLANG_WARN_COMMA = YES;
				CLANG_WARN_CONSTANT_CONVERSION = YES;
				CLANG_WARN_DEPRECATED_OBJC_IMPLEMENTATIONS = YES;
				CLANG_WARN_DIRECT_OBJC_ISA_USAGE = YES_ERROR;
				CLANG_WARN_DOCUMENTATION_COMMENTS = YES;
				CLANG_WARN_EMPTY_BODY = YES;
				CLANG_WARN_ENUM_CONVERSION = YES;
				CLANG_WARN_INFINITE_RECURSION = YES;
				CLANG_WARN_INT_CONVERSION = YES;
				CLANG_WARN_NON_LITERAL_NULL_CONVERSION = YES;
				CLANG_WARN_OBJC_IMPLICIT_RETAIN_SELF = YES;
				CLANG_WARN_OBJC_LITERAL_CONVERSION = YES;
				CLANG_WARN_OBJC_ROOT_CLASS = YES_ERROR;
				CLANG_WARN_QUOTED_INCLUDE_IN_FRAMEWORK_HEADER = YES;
				CLANG_WARN_RANGE_LOOP_ANALYSIS = YES;
				CLANG_WARN_STRICT_PROTOTYPES = YES;
				CLANG_WARN_SUSPICIOUS_MOVE = YES;
				CLANG_WARN_UNGUARDED_AVAILABILITY = YES_AGGRESSIVE;
				CLANG_WARN_UNREACHABLE_CODE = YES;
				CLANG_WARN__DUPLICATE_METHOD_MATCH = YES;
				COPY_PHASE_STRIP = NO;
				DEBUG_INFORMATION_FORMAT = dwarf;
				ENABLE_STRICT_OBJC_MSGSEND = YES;
				ENABLE_TESTABILITY = YES;
				ENABLE_USER_SCRIPT_SANDBOXING = YES;
				GCC_C_LANGUAGE_STANDARD = gnu17;
				GCC_DYNAMIC_NO_PIC = NO;
				GCC_NO_COMMON_BLOCKS = YES;
				GCC_OPTIMIZATION_LEVEL = 0;
				GCC_PREPROCESSOR_DEFINITIONS = (
					"DEBUG=1",
					"$(inherited)",
				);
				GCC_WARN_64_TO_32_BIT_CONVERSION = YES;
				GCC_WARN_ABOUT_RETURN_TYPE = YES_ERROR;
				GCC_WARN_UNDECLARED_SELECTOR = YES;
				GCC_WARN_UNINITIALIZED_AUTOS = YES_AGGRESSIVE;
				GCC_WARN_UNUSED_FUNCTION = YES;
				GCC_WARN_UNUSED_VARIABLE = YES;
				IPHONEOS_DEPLOYMENT_TARGET = 18.5;
				LOCALIZATION_PREFERS_STRING_CATALOGS = YES;
				MTL_ENABLE_DEBUG_INFO = INCLUDE_SOURCE;
				MTL_FAST_MATH = YES;
				ONLY_ACTIVE_ARCH = YES;
				SDKROOT = iphoneos;
				SWIFT_ACTIVE_COMPILATION_CONDITIONS = "DEBUG $(inherited)";
				SWIFT_OPTIMIZATION_LEVEL = "-Onone";
			};
			name = Debug;
		};
		915DC0FF2DFE9E1700D760F0 /* Release */ = {
			isa = XCBuildConfiguration;
			buildSettings = {
				ALWAYS_SEARCH_USER_PATHS = NO;
				ASSETCATALOG_COMPILER_GENERATE_SWIFT_ASSET_SYMBOL_EXTENSIONS = YES;
				CLANG_ANALYZER_NONNULL = YES;
				CLANG_ANALYZER_NUMBER_OBJECT_CONVERSION = YES_AGGRESSIVE;
				CLANG_CXX_LANGUAGE_STANDARD = "gnu++20";
				CLANG_ENABLE_MODULES = YES;
				CLANG_ENABLE_OBJC_ARC = YES;
				CLANG_ENABLE_OBJC_WEAK = YES;
				CLANG_WARN_BLOCK_CAPTURE_AUTORELEASING = YES;
				CLANG_WARN_BOOL_CONVERSION = YES;
				CLANG_WARN_COMMA = YES;
				CLANG_WARN_CONSTANT_CONVERSION = YES;
				CLANG_WARN_DEPRECATED_OBJC_IMPLEMENTATIONS = YES;
				CLANG_WARN_DIRECT_OBJC_ISA_USAGE = YES_ERROR;
				CLANG_WARN_DOCUMENTATION_COMMENTS = YES;
				CLANG_WARN_EMPTY_BODY = YES;
				CLANG_WARN_ENUM_CONVERSION = YES;
				CLANG_WARN_INFINITE_RECURSION = YES;
				CLANG_WARN_INT_CONVERSION = YES;
				CLANG_WARN_NON_LITERAL_NULL_CONVERSION = YES;
				CLANG_WARN_OBJC_IMPLICIT_RETAIN_SELF = YES;
				CLANG_WARN_OBJC_LITERAL_CONVERSION = YES;
				CLANG_WARN_OBJC_ROOT_CLASS = YES_ERROR;
				CLANG_WARN_QUOTED_INCLUDE_IN_FRAMEWORK_HEADER = YES;
				CLANG_WARN_RANGE_LOOP_ANALYSIS = YES;
				CLANG_WARN_STRICT_PROTOTYPES = YES;
				CLANG_WARN_SUSPICIOUS_MOVE = YES;
				CLANG_WARN_UNGUARDED_AVAILABILITY = YES_AGGRESSIVE;
				CLANG_WARN_UNREACHABLE_CODE = YES;
				CLANG_WARN__DUPLICATE_METHOD_MATCH = YES;
				COPY_PHASE_STRIP = NO;
				DEBUG_INFORMATION_FORMAT = "dwarf-with-dsym";
				ENABLE_NS_ASSERTIONS = NO;
				ENABLE_STRICT_OBJC_MSGSEND = YES;
				ENABLE_USER_SCRIPT_SANDBOXING = YES;
				GCC_C_LANGUAGE_STANDARD = gnu17;
				GCC_NO_COMMON_BLOCKS = YES;
				GCC_WARN_64_TO_32_BIT_CONVERSION = YES;
				GCC_WARN_ABOUT_RETURN_TYPE = YES_ERROR;
				GCC_WARN_UNDECLARED_SELECTOR = YES;
				GCC_WARN_UNINITIALIZED_AUTOS = YES_AGGRESSIVE;
				GCC_WARN_UNUSED_FUNCTION = YES;
				GCC_WARN_UNUSED_VARIABLE = YES;
				IPHONEOS_DEPLOYMENT_TARGET = 18.5;
				LOCALIZATION_PREFERS_STRING_CATALOGS = YES;
				MTL_ENABLE_DEBUG_INFO = NO;
				MTL_FAST_MATH = YES;
				SDKROOT = iphoneos;
				SWIFT_COMPILATION_MODE = wholemodule;
				VALIDATE_PRODUCT = YES;
			};
			name = Release;
		};
		915DC1012DFE9E1700D760F0 /* Debug */ = {
			isa = XCBuildConfiguration;
			buildSettings = {
				ASSETCATALOG_COMPILER_APPICON_NAME = AppIcon;
				ASSETCATALOG_COMPILER_GLOBAL_ACCENT_COLOR_NAME = AccentColor;
				CODE_SIGN_STYLE = Automatic;
				CURRENT_PROJECT_VERSION = 1;
				DEVELOPMENT_TEAM = WJ5Y6MQ4QS;
				ENABLE_PREVIEWS = YES;
				GENERATE_INFOPLIST_FILE = YES;
				INFOPLIST_KEY_UIApplicationSceneManifest_Generation = YES;
				INFOPLIST_KEY_UIApplicationSupportsIndirectInputEvents = YES;
				INFOPLIST_KEY_UILaunchScreen_Generation = YES;
				INFOPLIST_KEY_UISupportedInterfaceOrientations_iPad = "UIInterfaceOrientationPortrait UIInterfaceOrientationPortraitUpsideDown UIInterfaceOrientationLandscapeLeft UIInterfaceOrientationLandscapeRight";
				INFOPLIST_KEY_UISupportedInterfaceOrientations_iPhone = "UIInterfaceOrientationPortrait UIInterfaceOrientationLandscapeLeft UIInterfaceOrientationLandscapeRight";
				LD_RUNPATH_SEARCH_PATHS = (
					"$(inherited)",
					"@executable_path/Frameworks",
				);
				MARKETING_VERSION = 1.0;
				PRODUCT_BUNDLE_IDENTIFIER = com.tejastagra.TomatoTime;
				PRODUCT_NAME = "$(TARGET_NAME)";
				SWIFT_EMIT_LOC_STRINGS = YES;
				SWIFT_VERSION = 5.0;
				TARGETED_DEVICE_FAMILY = "1,2";
			};
			name = Debug;
		};
		915DC1022DFE9E1700D760F0 /* Release */ = {
			isa = XCBuildConfiguration;
			buildSettings = {
				ASSETCATALOG_COMPILER_APPICON_NAME = AppIcon;
				ASSETCATALOG_COMPILER_GLOBAL_ACCENT_COLOR_NAME = AccentColor;
				CODE_SIGN_STYLE = Automatic;
				CURRENT_PROJECT_VERSION = 1;
				DEVELOPMENT_TEAM = WJ5Y6MQ4QS;
				ENABLE_PREVIEWS = YES;
				GENERATE_INFOPLIST_FILE = YES;
				INFOPLIST_KEY_UIApplicationSceneManifest_Generation = YES;
				INFOPLIST_KEY_UIApplicationSupportsIndirectInputEvents = YES;
				INFOPLIST_KEY_UILaunchScreen_Generation = YES;
				INFOPLIST_KEY_UISupportedInterfaceOrientations_iPad = "UIInterfaceOrientationPortrait UIInterfaceOrientationPortraitUpsideDown UIInterfaceOrientationLandscapeLeft UIInterfaceOrientationLandscapeRight";
				INFOPLIST_KEY_UISupportedInterfaceOrientations_iPhone = "UIInterfaceOrientationPortrait UIInterfaceOrientationLandscapeLeft UIInterfaceOrientationLandscapeRight";
				LD_RUNPATH_SEARCH_PATHS = (
					"$(inherited)",
					"@executable_path/Frameworks",
				);
				MARKETING_VERSION = 1.0;
				PRODUCT_BUNDLE_IDENTIFIER = com.tejastagra.TomatoTime;
				PRODUCT_NAME = "$(TARGET_NAME)";
				SWIFT_EMIT_LOC_STRINGS = YES;
				SWIFT_VERSION = 5.0;
				TARGETED_DEVICE_FAMILY = "1,2";
			};
			name = Release;
		};
		915DC1042DFE9E1700D760F0 /* Debug */ = {
			isa = XCBuildConfiguration;
			buildSettings = {
				BUNDLE_LOADER = "$(TEST_HOST)";
				CODE_SIGN_STYLE = Automatic;
				CURRENT_PROJECT_VERSION = 1;
				GENERATE_INFOPLIST_FILE = YES;
				IPHONEOS_DEPLOYMENT_TARGET = 18.5;
				MARKETING_VERSION = 1.0;
				PRODUCT_BUNDLE_IDENTIFIER = com.tejastagra.TomatoTimeTests;
				PRODUCT_NAME = "$(TARGET_NAME)";
				SWIFT_EMIT_LOC_STRINGS = NO;
				SWIFT_VERSION = 5.0;
				TARGETED_DEVICE_FAMILY = "1,2";
				TEST_HOST = "$(BUILT_PRODUCTS_DIR)/TomatoTime.app/$(BUNDLE_EXECUTABLE_FOLDER_PATH)/TomatoTime";
			};
			name = Debug;
		};
		915DC1052DFE9E1700D760F0 /* Release */ = {
			isa = XCBuildConfiguration;
			buildSettings = {
				BUNDLE_LOADER = "$(TEST_HOST)";
				CODE_SIGN_STYLE = Automatic;
				CURRENT_PROJECT_VERSION = 1;
				GENERATE_INFOPLIST_FILE = YES;
				IPHONEOS_DEPLOYMENT_TARGET = 18.5;
				MARKETING_VERSION = 1.0;
				PRODUCT_BUNDLE_IDENTIFIER = com.tejastagra.TomatoTimeTests;
				PRODUCT_NAME = "$(TARGET_NAME)";
				SWIFT_EMIT_LOC_STRINGS = NO;
				SWIFT_VERSION = 5.0;
				TARGETED_DEVICE_FAMILY = "1,2";
				TEST_HOST = "$(BUILT_PRODUCTS_DIR)/TomatoTime.app/$(BUNDLE_EXECUTABLE_FOLDER_PATH)/TomatoTime";
			};
			name = Release;
		};
		915DC1072DFE9E1700D760F0 /* Debug */ = {
			isa = XCBuildConfiguration;
			buildSettings = {
				CODE_SIGN_STYLE = Automatic;
				CURRENT_PROJECT_VERSION = 1;
				GENERATE_INFOPLIST_FILE = YES;
				MARKETING_VERSION = 1.0;
				PRODUCT_BUNDLE_IDENTIFIER = com.tejastagra.TomatoTimeUITests;
				PRODUCT_NAME = "$(TARGET_NAME)";
				SWIFT_EMIT_LOC_STRINGS = NO;
				SWIFT_VERSION = 5.0;
				TARGETED_DEVICE_FAMILY = "1,2";
				TEST_TARGET_NAME = TomatoTime;
			};
			name = Debug;
		};
		915DC1082DFE9E1700D760F0 /* Release */ = {
			isa = XCBuildConfiguration;
			buildSettings = {
				CODE_SIGN_STYLE = Automatic;
				CURRENT_PROJECT_VERSION = 1;
				GENERATE_INFOPLIST_FILE = YES;
				MARKETING_VERSION = 1.0;
				PRODUCT_BUNDLE_IDENTIFIER = com.tejastagra.TomatoTimeUITests;
				PRODUCT_NAME = "$(TARGET_NAME)";
				SWIFT_EMIT_LOC_STRINGS = NO;
				SWIFT_VERSION = 5.0;
				TARGETED_DEVICE_FAMILY = "1,2";
				TEST_TARGET_NAME = TomatoTime;
			};
			name = Release;
		};
/* End XCBuildConfiguration section */

/* Begin XCConfigurationList section */
		915DC0DA2DFE9E1600D760F0 /* Build configuration list for PBXProject "TomatoTime" */ = {
			isa = XCConfigurationList;
			buildConfigurations = (
				915DC0FE2DFE9E1700D760F0 /* Debug */,
				915DC0FF2DFE9E1700D760F0 /* Release */,
			);
			defaultConfigurationIsVisible = 0;
			defaultConfigurationName = Release;
		};
		915DC1002DFE9E1700D760F0 /* Build configuration list for PBXNativeTarget "TomatoTime" */ = {
			isa = XCConfigurationList;
			buildConfigurations = (
				915DC1012DFE9E1700D760F0 /* Debug */,
				915DC1022DFE9E1700D760F0 /* Release */,
			);
			defaultConfigurationIsVisible = 0;
			defaultConfigurationName = Release;
		};
		915DC1032DFE9E1700D760F0 /* Build configuration list for PBXNativeTarget "TomatoTimeTests" */ = {
			isa = XCConfigurationList;
			buildConfigurations = (
				915DC1042DFE9E1700D760F0 /* Debug */,
				915DC1052DFE9E1700D760F0 /* Release */,
			);
			defaultConfigurationIsVisible = 0;
			defaultConfigurationName = Release;
		};
		915DC1062DFE9E1700D760F0 /* Build configuration list for PBXNativeTarget "TomatoTimeUITests" */ = {
			isa = XCConfigurationList;
			buildConfigurations = (
				915DC1072DFE9E1700D760F0 /* Debug */,
				915DC1082DFE9E1700D760F0 /* Release */,
			);
			defaultConfigurationIsVisible = 0;
			defaultConfigurationName = Release;
		};
/* End XCConfigurationList section */
	};
	rootObject = 915DC0D72DFE9E1600D760F0 /* Project object */;
}
